{
  "object": {
    "pins": [
      {
        "package": "Networking",
        "repositoryURL": "https://github.com/pprokopowicz/Networking.git",
        "state": {
          "branch": null,
          "revision": "9e2692dbdabe8e7a741af215c20d9e5c92029018",
          "version": "0.1.0"
        }
      }
    ]
  },
  "version": 1
}
