{
  "object": {
    "pins": [
      {
        "package": "Networking",
        "repositoryURL": "https://github.com/pprokopowicz/Networking.git",
        "state": {
          "branch": null,
          "revision": "5fbdceeb07b884942711aaf1a4fd05d01bd30a80",
          "version": "0.4.0"
        }
      }
    ]
  },
  "version": 1
}
